<?xml version="1.0" encoding="utf-8"?>
<Project ToolsVersion="4.0" xmlns="http://schemas.microsoft.com/developer/msbuild/2003">
  <ItemGroup>
    <Filter Include="Explorer">
      <UniqueIdentifier>{7612E14B-62DF-3B57-8BF8-29FF772471E5}</UniqueIdentifier>
    </Filter>
    <Filter Include="Explorer\Events">
      <UniqueIdentifier>{9A9D8657-0629-F41B-0F3A-77107B44501C}</UniqueIdentifier>
    </Filter>
    <Filter Include="Explorer\Windows">
      <UniqueIdentifier>{B0D23C94-9CCB-5BE6-C5FD-406BB1553BF2}</UniqueIdentifier>
    </Filter>
  </ItemGroup>
  <ItemGroup>
    <ClInclude Include="src\Explorer.h" />
    <ClInclude Include="src\Explorer\Application.h">
      <Filter>Explorer</Filter>
    </ClInclude>
    <ClInclude Include="src\Explorer\Core.h">
      <Filter>Explorer</Filter>
    </ClInclude>
    <ClInclude Include="src\Explorer\EntryPoint.h">
      <Filter>Explorer</Filter>
    </ClInclude>
    <ClInclude Include="src\Explorer\Events\ApplicationEvent.h">
      <Filter>Explorer\Events</Filter>
    </ClInclude>
    <ClInclude Include="src\Explorer\Events\Event.h">
      <Filter>Explorer\Events</Filter>
    </ClInclude>
    <ClInclude Include="src\Explorer\Events\KeyEvent.h">
      <Filter>Explorer\Events</Filter>
    </ClInclude>
    <ClInclude Include="src\Explorer\Events\MouseEvent.h">
      <Filter>Explorer\Events</Filter>
    </ClInclude>
    <ClInclude Include="src\Explorer\Layer.h">
      <Filter>Explorer</Filter>
    </ClInclude>
    <ClInclude Include="src\Explorer\LayerStack.h">
      <Filter>Explorer</Filter>
    </ClInclude>
    <ClInclude Include="src\Explorer\Log.h">
      <Filter>Explorer</Filter>
    </ClInclude>
    <ClInclude Include="src\Explorer\Windows\Window.h">
      <Filter>Explorer\Windows</Filter>
    </ClInclude>
    <ClInclude Include="src\exppch.h" />
  </ItemGroup>
  <ItemGroup>
    <ClCompile Include="src\Explorer\Application.cpp">
      <Filter>Explorer</Filter>
    </ClCompile>
    <ClCompile Include="src\Explorer\Layer.cpp">
      <Filter>Explorer</Filter>
    </ClCompile>
    <ClCompile Include="src\Explorer\LayerStack.cpp">
      <Filter>Explorer</Filter>
    </ClCompile>
    <ClCompile Include="src\Explorer\Log.cpp">
      <Filter>Explorer</Filter>
    </ClCompile>
    <ClCompile Include="src\Explorer\Windows\Window.cpp">
      <Filter>Explorer\Windows</Filter>
    </ClCompile>
    <ClCompile Include="src\exppch.cpp" />
  </ItemGroup>
</Project>